
Microsoft Visual Studio Solution File, Format Version 12.00
# Visual Studio Version 17
VisualStudioVersion = 17.12.35506.116
MinimumVisualStudioVersion = 10.0.40219.1
Project("{2150E333-8FDC-42A3-9474-1A3956D46DE8}") = "01 - Presentation", "01 - Presentation", "{3531C347-C517-4B87-8326-FEDAFD03580C}"
EndProject
Project("{2150E333-8FDC-42A3-9474-1A3956D46DE8}") = "02 - Application", "02 - Application", "{C29D5010-6CC3-4071-90DF-8DB0644E1C58}"
EndProject
Project("{2150E333-8FDC-42A3-9474-1A3956D46DE8}") = "03 - Domain", "03 - Domain", "{B7415165-10F7-4AB1-9F5F-EA50B919351F}"
EndProject
Project("{2150E333-8FDC-42A3-9474-1A3956D46DE8}") = "04 - Data", "04 - Data", "{F4DA2642-811E-4AAF-BE2E-00AF1A8A1EF8}"
EndProject
Project("{2150E333-8FDC-42A3-9474-1A3956D46DE8}") = "05 - Infrastructure", "05 - Infrastructure", "{FE61DDFF-A650-4827-89E9-535DD0C4D183}"
EndProject
Project("{2150E333-8FDC-42A3-9474-1A3956D46DE8}") = "src", "src", "{2B70B240-F166-4D15-909D-0020F6083746}"
EndProject
Project("{2150E333-8FDC-42A3-9474-1A3956D46DE8}") = "tests", "tests", "{B2AB8BA5-93ED-4EC8-928C-075DCDD766A8}"
EndProject
Project("{FAE04EC0-301F-11D3-BF4B-00C04F79EFBC}") = "Domain.Model", "Domain.Model\Domain.Model.csproj", "{2D8E278B-0C71-4C94-80FD-2900427E1523}"
EndProject
Project("{FAE04EC0-301F-11D3-BF4B-00C04F79EFBC}") = "Unit.Tests", "Unit.Tests\Unit.Tests.csproj", "{04731CE8-E605-4A55-82FB-B0CA89794CB7}"
EndProject
Project("{FAE04EC0-301F-11D3-BF4B-00C04F79EFBC}") = "Presentation.Api", "Presentation.Api\Presentation.Api.csproj", "{79D3B6DA-A11F-4163-9C22-D8BB0F603012}"
EndProject
Project("{FAE04EC0-301F-11D3-BF4B-00C04F79EFBC}") = "Application.DTO", "Application.DTO\Application.DTO.csproj", "{4EA66599-0761-49B6-8589-18E69D70615B}"
EndProject
Project("{FAE04EC0-301F-11D3-BF4B-00C04F79EFBC}") = "Application.Services", "Application.Services\Application.Services.csproj", "{C96CA0A4-6C9E-43DA-8207-868097A6B75B}"
EndProject
Project("{FAE04EC0-301F-11D3-BF4B-00C04F79EFBC}") = "Data.SqlServer", "Data.SqlServer\Data.SqlServer.csproj", "{CC2D31BC-15C3-4152-969A-10ED5A549866}"
EndProject
Global
	GlobalSection(SolutionConfigurationPlatforms) = preSolution
		Debug|Any CPU = Debug|Any CPU
		Release|Any CPU = Release|Any CPU
	EndGlobalSection
	GlobalSection(ProjectConfigurationPlatforms) = postSolution
		{2D8E278B-0C71-4C94-80FD-2900427E1523}.Debug|Any CPU.ActiveCfg = Debug|Any CPU
		{2D8E278B-0C71-4C94-80FD-2900427E1523}.Debug|Any CPU.Build.0 = Debug|Any CPU
		{2D8E278B-0C71-4C94-80FD-2900427E1523}.Release|Any CPU.ActiveCfg = Release|Any CPU
		{2D8E278B-0C71-4C94-80FD-2900427E1523}.Release|Any CPU.Build.0 = Release|Any CPU
		{04731CE8-E605-4A55-82FB-B0CA89794CB7}.Debug|Any CPU.ActiveCfg = Debug|Any CPU
		{04731CE8-E605-4A55-82FB-B0CA89794CB7}.Debug|Any CPU.Build.0 = Debug|Any CPU
		{04731CE8-E605-4A55-82FB-B0CA89794CB7}.Release|Any CPU.ActiveCfg = Release|Any CPU
		{04731CE8-E605-4A55-82FB-B0CA89794CB7}.Release|Any CPU.Build.0 = Release|Any CPU
		{79D3B6DA-A11F-4163-9C22-D8BB0F603012}.Debug|Any CPU.ActiveCfg = Debug|Any CPU
		{79D3B6DA-A11F-4163-9C22-D8BB0F603012}.Debug|Any CPU.Build.0 = Debug|Any CPU
		{79D3B6DA-A11F-4163-9C22-D8BB0F603012}.Release|Any CPU.ActiveCfg = Release|Any CPU
		{79D3B6DA-A11F-4163-9C22-D8BB0F603012}.Release|Any CPU.Build.0 = Release|Any CPU
		{4EA66599-0761-49B6-8589-18E69D70615B}.Debug|Any CPU.ActiveCfg = Debug|Any CPU
		{4EA66599-0761-49B6-8589-18E69D70615B}.Debug|Any CPU.Build.0 = Debug|Any CPU
		{4EA66599-0761-49B6-8589-18E69D70615B}.Release|Any CPU.ActiveCfg = Release|Any CPU
		{4EA66599-0761-49B6-8589-18E69D70615B}.Release|Any CPU.Build.0 = Release|Any CPU
		{C96CA0A4-6C9E-43DA-8207-868097A6B75B}.Debug|Any CPU.ActiveCfg = Debug|Any CPU
		{C96CA0A4-6C9E-43DA-8207-868097A6B75B}.Debug|Any CPU.Build.0 = Debug|Any CPU
		{C96CA0A4-6C9E-43DA-8207-868097A6B75B}.Release|Any CPU.ActiveCfg = Release|Any CPU
		{C96CA0A4-6C9E-43DA-8207-868097A6B75B}.Release|Any CPU.Build.0 = Release|Any CPU
		{CC2D31BC-15C3-4152-969A-10ED5A549866}.Debug|Any CPU.ActiveCfg = Debug|Any CPU
		{CC2D31BC-15C3-4152-969A-10ED5A549866}.Debug|Any CPU.Build.0 = Debug|Any CPU
		{CC2D31BC-15C3-4152-969A-10ED5A549866}.Release|Any CPU.ActiveCfg = Release|Any CPU
		{CC2D31BC-15C3-4152-969A-10ED5A549866}.Release|Any CPU.Build.0 = Release|Any CPU
	EndGlobalSection
	GlobalSection(SolutionProperties) = preSolution
		HideSolutionNode = FALSE
	EndGlobalSection
	GlobalSection(NestedProjects) = preSolution
		{3531C347-C517-4B87-8326-FEDAFD03580C} = {2B70B240-F166-4D15-909D-0020F6083746}
		{C29D5010-6CC3-4071-90DF-8DB0644E1C58} = {2B70B240-F166-4D15-909D-0020F6083746}
		{B7415165-10F7-4AB1-9F5F-EA50B919351F} = {2B70B240-F166-4D15-909D-0020F6083746}
		{F4DA2642-811E-4AAF-BE2E-00AF1A8A1EF8} = {2B70B240-F166-4D15-909D-0020F6083746}
		{FE61DDFF-A650-4827-89E9-535DD0C4D183} = {2B70B240-F166-4D15-909D-0020F6083746}
		{2D8E278B-0C71-4C94-80FD-2900427E1523} = {B7415165-10F7-4AB1-9F5F-EA50B919351F}
		{04731CE8-E605-4A55-82FB-B0CA89794CB7} = {B2AB8BA5-93ED-4EC8-928C-075DCDD766A8}
		{79D3B6DA-A11F-4163-9C22-D8BB0F603012} = {3531C347-C517-4B87-8326-FEDAFD03580C}
		{4EA66599-0761-49B6-8589-18E69D70615B} = {C29D5010-6CC3-4071-90DF-8DB0644E1C58}
		{C96CA0A4-6C9E-43DA-8207-868097A6B75B} = {C29D5010-6CC3-4071-90DF-8DB0644E1C58}
		{CC2D31BC-15C3-4152-969A-10ED5A549866} = {F4DA2642-811E-4AAF-BE2E-00AF1A8A1EF8}
	EndGlobalSection
EndGlobal
