
Microsoft Visual Studio Solution File, Format Version 12.00
# Visual Studio Version 17
VisualStudioVersion = 17.12.35506.116 d17.12
MinimumVisualStudioVersion = 10.0.40219.1
Project("{2150E333-8FDC-42A3-9474-1A3956D46DE8}") = "01 - Presentation", "01 - Presentation", "{3531C347-C517-4B87-8326-FEDAFD03580C}"
EndProject
Project("{2150E333-8FDC-42A3-9474-1A3956D46DE8}") = "02 - Application", "02 - Application", "{C29D5010-6CC3-4071-90DF-8DB0644E1C58}"
EndProject
Project("{2150E333-8FDC-42A3-9474-1A3956D46DE8}") = "03 - Domain", "03 - Domain", "{B7415165-10F7-4AB1-9F5F-EA50B919351F}"
EndProject
Project("{2150E333-8FDC-42A3-9474-1A3956D46DE8}") = "04 - Data", "04 - Data", "{F4DA2642-811E-4AAF-BE2E-00AF1A8A1EF8}"
EndProject
Project("{2150E333-8FDC-42A3-9474-1A3956D46DE8}") = "05 - Infrastructure", "05 - Infrastructure", "{FE61DDFF-A650-4827-89E9-535DD0C4D183}"
EndProject
Project("{2150E333-8FDC-42A3-9474-1A3956D46DE8}") = "src", "src", "{2B70B240-F166-4D15-909D-0020F6083746}"
EndProject
Project("{2150E333-8FDC-42A3-9474-1A3956D46DE8}") = "tests", "tests", "{B2AB8BA5-93ED-4EC8-928C-075DCDD766A8}"
EndProject
Project("{2150E333-8FDC-42A3-9474-1A3956D46DE8}") = "01 - Presentation", "01 - Presentation", "{CEDF5753-80B5-4BF8-996C-B2B52A6ECF8A}"
EndProject
Project("{2150E333-8FDC-42A3-9474-1A3956D46DE8}") = "02 - Application", "02 - Application", "{553E5F48-24D2-41F7-AAAF-74F41F6B4282}"
EndProject
Project("{2150E333-8FDC-42A3-9474-1A3956D46DE8}") = "03 - Domain", "03 - Domain", "{B25C3B6B-80D5-4E66-9415-67AAD5EC8FAD}"
EndProject
Project("{2150E333-8FDC-42A3-9474-1A3956D46DE8}") = "04 - Data", "04 - Data", "{C1670894-7D6B-4214-85D7-3A5CF291943F}"
EndProject
Project("{2150E333-8FDC-42A3-9474-1A3956D46DE8}") = "05 - Infrastructure", "05 - Infrastructure", "{B1FB8759-7632-4ADB-A34D-BFB94075FB4E}"
EndProject
Global
	GlobalSection(SolutionProperties) = preSolution
		HideSolutionNode = FALSE
	EndGlobalSection
	GlobalSection(NestedProjects) = preSolution
		{3531C347-C517-4B87-8326-FEDAFD03580C} = {2B70B240-F166-4D15-909D-0020F6083746}
		{C29D5010-6CC3-4071-90DF-8DB0644E1C58} = {2B70B240-F166-4D15-909D-0020F6083746}
		{B7415165-10F7-4AB1-9F5F-EA50B919351F} = {2B70B240-F166-4D15-909D-0020F6083746}
		{F4DA2642-811E-4AAF-BE2E-00AF1A8A1EF8} = {2B70B240-F166-4D15-909D-0020F6083746}
		{FE61DDFF-A650-4827-89E9-535DD0C4D183} = {2B70B240-F166-4D15-909D-0020F6083746}
		{CEDF5753-80B5-4BF8-996C-B2B52A6ECF8A} = {B2AB8BA5-93ED-4EC8-928C-075DCDD766A8}
		{553E5F48-24D2-41F7-AAAF-74F41F6B4282} = {B2AB8BA5-93ED-4EC8-928C-075DCDD766A8}
		{B25C3B6B-80D5-4E66-9415-67AAD5EC8FAD} = {B2AB8BA5-93ED-4EC8-928C-075DCDD766A8}
		{C1670894-7D6B-4214-85D7-3A5CF291943F} = {B2AB8BA5-93ED-4EC8-928C-075DCDD766A8}
		{B1FB8759-7632-4ADB-A34D-BFB94075FB4E} = {B2AB8BA5-93ED-4EC8-928C-075DCDD766A8}
	EndGlobalSection
EndGlobal
